
Microsoft Visual Studio Solution File, Format Version 12.00
# Visual Studio 14
VisualStudioVersion = 14.0.22310.1
MinimumVisualStudioVersion = 10.0.40219.1
Project("{FAE04EC0-301F-11D3-BF4B-00C04F79EFBC}") = "FibonacciDemo", "FibonacciDemo\FibonacciDemo.csproj", "{D2257094-2B80-46FF-9F2B-3516FA4EAAF4}"
EndProject
Project("{FAE04EC0-301F-11D3-BF4B-00C04F79EFBC}") = "UnitTestFibonacci", "UnitTestFibonacci\UnitTestFibonacci.csproj", "{69B52AC8-7E1C-4E2E-8A55-A2C57B35696A}"
EndProject
Global
	GlobalSection(SolutionConfigurationPlatforms) = preSolution
		Debug|Any CPU = Debug|Any CPU
		Release|Any CPU = Release|Any CPU
	EndGlobalSection
	GlobalSection(ProjectConfigurationPlatforms) = postSolution
		{D2257094-2B80-46FF-9F2B-3516FA4EAAF4}.Debug|Any CPU.ActiveCfg = Debug|Any CPU
		{D2257094-2B80-46FF-9F2B-3516FA4EAAF4}.Debug|Any CPU.Build.0 = Debug|Any CPU
		{D2257094-2B80-46FF-9F2B-3516FA4EAAF4}.Release|Any CPU.ActiveCfg = Release|Any CPU
		{D2257094-2B80-46FF-9F2B-3516FA4EAAF4}.Release|Any CPU.Build.0 = Release|Any CPU
		{69B52AC8-7E1C-4E2E-8A55-A2C57B35696A}.Debug|Any CPU.ActiveCfg = Debug|Any CPU
		{69B52AC8-7E1C-4E2E-8A55-A2C57B35696A}.Debug|Any CPU.Build.0 = Debug|Any CPU
		{69B52AC8-7E1C-4E2E-8A55-A2C57B35696A}.Release|Any CPU.ActiveCfg = Release|Any CPU
		{69B52AC8-7E1C-4E2E-8A55-A2C57B35696A}.Release|Any CPU.Build.0 = Release|Any CPU
	EndGlobalSection
	GlobalSection(SolutionProperties) = preSolution
		HideSolutionNode = FALSE
	EndGlobalSection
EndGlobal
